
Microsoft Visual Studio Solution File, Format Version 12.00
# Visual Studio Version 17
VisualStudioVersion = 17.8.34004.107
MinimumVisualStudioVersion = 10.0.40219.1
Project("{FAE04EC0-301F-11D3-BF4B-00C04F79EFBC}") = "WinFormsChaosApp", "WinFormsChaosApp\WinFormsChaosApp.csproj", "{C4DA70A4-4230-4780-8C48-72AE220D4ADA}"
EndProject
Global
	GlobalSection(SolutionConfigurationPlatforms) = preSolution
		Debug|Any CPU = Debug|Any CPU
		Release|Any CPU = Release|Any CPU
	EndGlobalSection
	GlobalSection(ProjectConfigurationPlatforms) = postSolution
		{C4DA70A4-4230-4780-8C48-72AE220D4ADA}.Debug|Any CPU.ActiveCfg = Debug|Any CPU
		{C4DA70A4-4230-4780-8C48-72AE220D4ADA}.Debug|Any CPU.Build.0 = Debug|Any CPU
		{C4DA70A4-4230-4780-8C48-72AE220D4ADA}.Release|Any CPU.ActiveCfg = Release|Any CPU
		{C4DA70A4-4230-4780-8C48-72AE220D4ADA}.Release|Any CPU.Build.0 = Release|Any CPU
	EndGlobalSection
	GlobalSection(SolutionProperties) = preSolution
		HideSolutionNode = FALSE
	EndGlobalSection
	GlobalSection(ExtensibilityGlobals) = postSolution
		SolutionGuid = {00F2657A-244E-4154-A8BB-5ED3654C4649}
	EndGlobalSection
EndGlobal
